
Microsoft Visual Studio Solution File, Format Version 12.00
# Visual Studio Version 16
VisualStudioVersion = 16.0.29905.134
MinimumVisualStudioVersion = 10.0.40219.1
Project("{FAE04EC0-301F-11D3-BF4B-00C04F79EFBC}") = "ASPWebPagesTask", "ASPWebPagesTask.csproj", "{C0706091-BB89-44A1-B6CE-B2C0D1F69A7D}"
EndProject
Global
	GlobalSection(SolutionConfigurationPlatforms) = preSolution
		Debug|Any CPU = Debug|Any CPU
		Release|Any CPU = Release|Any CPU
	EndGlobalSection
	GlobalSection(ProjectConfigurationPlatforms) = postSolution
		{C0706091-BB89-44A1-B6CE-B2C0D1F69A7D}.Debug|Any CPU.ActiveCfg = Debug|Any CPU
		{C0706091-BB89-44A1-B6CE-B2C0D1F69A7D}.Debug|Any CPU.Build.0 = Debug|Any CPU
		{C0706091-BB89-44A1-B6CE-B2C0D1F69A7D}.Release|Any CPU.ActiveCfg = Release|Any CPU
		{C0706091-BB89-44A1-B6CE-B2C0D1F69A7D}.Release|Any CPU.Build.0 = Release|Any CPU
	EndGlobalSection
	GlobalSection(SolutionProperties) = preSolution
		HideSolutionNode = FALSE
	EndGlobalSection
	GlobalSection(ExtensibilityGlobals) = postSolution
		SolutionGuid = {1834BC5A-6D56-4F55-958D-FC1E47946D12}
	EndGlobalSection
EndGlobal
